
Microsoft Visual Studio Solution File, Format Version 12.00
# Visual Studio 15
VisualStudioVersion = 15.0.27703.2026
MinimumVisualStudioVersion = 10.0.40219.1
Project("{FAE04EC0-301F-11D3-BF4B-00C04F79EFBC}") = "ClassExample", "ClassExample\ClassExample.csproj", "{3425F360-E546-4051-A9F1-97111A49374A}"
EndProject
Global
	GlobalSection(SolutionConfigurationPlatforms) = preSolution
		Debug|Any CPU = Debug|Any CPU
		Release|Any CPU = Release|Any CPU
	EndGlobalSection
	GlobalSection(ProjectConfigurationPlatforms) = postSolution
		{3425F360-E546-4051-A9F1-97111A49374A}.Debug|Any CPU.ActiveCfg = Debug|Any CPU
		{3425F360-E546-4051-A9F1-97111A49374A}.Debug|Any CPU.Build.0 = Debug|Any CPU
		{3425F360-E546-4051-A9F1-97111A49374A}.Release|Any CPU.ActiveCfg = Release|Any CPU
		{3425F360-E546-4051-A9F1-97111A49374A}.Release|Any CPU.Build.0 = Release|Any CPU
	EndGlobalSection
	GlobalSection(SolutionProperties) = preSolution
		HideSolutionNode = FALSE
	EndGlobalSection
	GlobalSection(ExtensibilityGlobals) = postSolution
		SolutionGuid = {59C22450-176A-4FDD-9C3C-C115298D9617}
	EndGlobalSection
EndGlobal
